{
  "version": 4,
  "terraform_version": "1.7.0",
  "serial": 68,
  "lineage": "c19cb59b-7492-cdea-03ad-e6e6de7ae2d0",
  "outputs": {},
  "resources": [
    {
      "mode": "managed",
      "type": "azurerm_linux_web_app",
      "name": "city-explorer-lwa",
      "provider": "provider[\"registry.terraform.io/hashicorp/azurerm\"]",
      "instances": [
        {
          "schema_version": 0,
          "attributes": {
            "app_settings": null,
            "auth_settings": [],
            "auth_settings_v2": [],
            "backup": [],
            "client_affinity_enabled": false,
            "client_certificate_enabled": false,
            "client_certificate_exclusion_paths": "",
            "client_certificate_mode": "Required",
            "connection_string": [],
            "custom_domain_verification_id": "D1445DE89510C3924E3944020C149A3183BF0F1BC79C29EED02A322CD2678D2F",
            "default_hostname": "city-explorer-webapp.azurewebsites.net",
            "enabled": true,
            "ftp_publish_basic_authentication_enabled": true,
            "hosting_environment_id": "",
            "https_only": false,
            "id": "/subscriptions/0e9423e6-3814-4747-ae3f-aeebf7c2661d/resourceGroups/city-explorer-rg/providers/Microsoft.Web/sites/city-explorer-webapp",
            "identity": [],
            "key_vault_reference_identity_id": "SystemAssigned",
            "kind": "app,linux,container",
            "location": "uksouth",
            "logs": [],
            "name": "city-explorer-webapp",
            "outbound_ip_address_list": [
              "51.11.47.121",
              "51.11.47.178",
              "51.132.168.104",
              "51.132.169.245",
              "51.132.170.120",
              "51.132.171.18",
              "20.90.192.143",
              "20.108.107.17",
              "20.26.137.101",
              "20.26.138.141",
              "20.26.138.187",
              "20.26.138.243",
              "20.90.134.31"
            ],
            "outbound_ip_addresses": "51.11.47.121,51.11.47.178,51.132.168.104,51.132.169.245,51.132.170.120,51.132.171.18,20.90.192.143,20.108.107.17,20.26.137.101,20.26.138.141,20.26.138.187,20.26.138.243,20.90.134.31",
            "possible_outbound_ip_address_list": [
              "51.11.47.121",
              "51.11.47.178",
              "51.132.168.104",
              "51.132.169.245",
              "51.132.170.120",
              "51.132.171.18",
              "20.90.192.143",
              "20.108.107.17",
              "20.26.137.101",
              "20.26.138.141",
              "20.26.138.187",
              "20.26.138.243",
              "20.26.139.127",
              "20.108.198.120",
              "20.26.139.170",
              "20.26.140.72",
              "20.26.140.151",
              "20.26.140.165",
              "20.26.140.167",
              "20.26.140.197",
              "20.26.141.240",
              "20.26.142.113",
              "20.26.142.183",
              "20.26.142.189",
              "51.11.47.121",
              "51.11.47.178",
              "51.132.168.104",
              "51.132.169.245",
              "51.132.170.120",
              "51.132.171.18",
              "20.26.143.82",
              "20.26.143.110",
              "20.26.143.136",
              "20.26.143.179",
              "4.234.40.78",
              "4.234.40.171",
              "20.90.134.31"
            ],
            "possible_outbound_ip_addresses": "51.11.47.121,51.11.47.178,51.132.168.104,51.132.169.245,51.132.170.120,51.132.171.18,20.90.192.143,20.108.107.17,20.26.137.101,20.26.138.141,20.26.138.187,20.26.138.243,20.26.139.127,20.108.198.120,20.26.139.170,20.26.140.72,20.26.140.151,20.26.140.165,20.26.140.167,20.26.140.197,20.26.141.240,20.26.142.113,20.26.142.183,20.26.142.189,51.11.47.121,51.11.47.178,51.132.168.104,51.132.169.245,51.132.170.120,51.132.171.18,20.26.143.82,20.26.143.110,20.26.143.136,20.26.143.179,4.234.40.78,4.234.40.171,20.90.134.31",
            "public_network_access_enabled": true,
            "resource_group_name": "city-explorer-rg",
            "service_plan_id": "/subscriptions/0e9423e6-3814-4747-ae3f-aeebf7c2661d/resourceGroups/city-explorer-rg/providers/Microsoft.Web/serverfarms/city-explorer-webapp-sp",
            "site_config": [
              {
                "always_on": true,
                "api_definition_url": "",
                "api_management_api_id": "",
                "app_command_line": "",
                "application_stack": [
                  {
                    "docker_image": "",
                    "docker_image_name": "saberamani/city-explorer:latest",
                    "docker_image_tag": "",
                    "docker_registry_password": "",
                    "docker_registry_url": "https://index.docker.io",
                    "docker_registry_username": "",
                    "dotnet_version": "",
                    "go_version": "",
                    "java_server": "",
                    "java_server_version": "",
                    "java_version": "",
                    "node_version": "",
                    "php_version": "",
                    "python_version": "",
                    "ruby_version": ""
                  }
                ],
                "auto_heal_enabled": false,
                "auto_heal_setting": [],
                "container_registry_managed_identity_client_id": "",
                "container_registry_use_managed_identity": false,
                "cors": [],
                "default_documents": [
                  "Default.htm",
                  "Default.html",
                  "Default.asp",
                  "index.htm",
                  "index.html",
                  "iisstart.htm",
                  "default.aspx",
                  "index.php",
                  "hostingstart.html"
                ],
                "detailed_error_logging_enabled": false,
                "ftps_state": "Disabled",
                "health_check_eviction_time_in_min": 0,
                "health_check_path": "",
                "http2_enabled": false,
                "ip_restriction": [],
                "linux_fx_version": "DOCKER|index.docker.io/saberamani/city-explorer:latest",
                "load_balancing_mode": "LeastRequests",
                "local_mysql_enabled": false,
                "managed_pipeline_mode": "Integrated",
                "minimum_tls_version": "1.2",
                "remote_debugging_enabled": false,
                "remote_debugging_version": "VS2019",
                "scm_ip_restriction": [],
                "scm_minimum_tls_version": "1.2",
                "scm_type": "None",
                "scm_use_main_ip_restriction": false,
                "use_32_bit_worker": true,
                "vnet_route_all_enabled": false,
                "websockets_enabled": false,
                "worker_count": 1
              }
            ],
            "site_credential": [
              {
                "name": "$city-explorer-webapp",
                "password": "QPBY0n0e6Yxj4TePxtX33o0TYwmrDqTBMGp9LgGEBetf8dQjw6M4YwM7RzKG"
              }
            ],
            "sticky_settings": [],
            "storage_account": [],
            "tags": null,
            "timeouts": null,
            "virtual_network_subnet_id": "",
            "webdeploy_publish_basic_authentication_enabled": true,
            "zip_deploy_file": ""
          },
          "sensitive_attributes": [],
          "private": "eyJlMmJmYjczMC1lY2FhLTExZTYtOGY4OC0zNDM2M2JjN2M0YzAiOnsiY3JlYXRlIjoxODAwMDAwMDAwMDAwLCJkZWxldGUiOjE4MDAwMDAwMDAwMDAsInJlYWQiOjMwMDAwMDAwMDAwMCwidXBkYXRlIjoxODAwMDAwMDAwMDAwfX0=",
          "dependencies": [
            "azurerm_resource_group.city-explorer-arg",
            "azurerm_service_plan.city-explorer-sp"
          ]
        }
      ]
    },
    {
      "mode": "managed",
      "type": "azurerm_resource_group",
      "name": "city-explorer-arg",
      "provider": "provider[\"registry.terraform.io/hashicorp/azurerm\"]",
      "instances": [
        {
          "schema_version": 0,
          "attributes": {
            "id": "/subscriptions/0e9423e6-3814-4747-ae3f-aeebf7c2661d/resourceGroups/city-explorer-rg",
            "location": "uksouth",
            "managed_by": "",
            "name": "city-explorer-rg",
            "tags": null,
            "timeouts": null
          },
          "sensitive_attributes": [],
          "private": "eyJlMmJmYjczMC1lY2FhLTExZTYtOGY4OC0zNDM2M2JjN2M0YzAiOnsiY3JlYXRlIjo1NDAwMDAwMDAwMDAwLCJkZWxldGUiOjU0MDAwMDAwMDAwMDAsInJlYWQiOjMwMDAwMDAwMDAwMCwidXBkYXRlIjo1NDAwMDAwMDAwMDAwfX0="
        }
      ]
    },
    {
      "mode": "managed",
      "type": "azurerm_service_plan",
      "name": "city-explorer-sp",
      "provider": "provider[\"registry.terraform.io/hashicorp/azurerm\"]",
      "instances": [
        {
          "schema_version": 0,
          "attributes": {
            "app_service_environment_id": "",
            "id": "/subscriptions/0e9423e6-3814-4747-ae3f-aeebf7c2661d/resourceGroups/city-explorer-rg/providers/Microsoft.Web/serverfarms/city-explorer-webapp-sp",
            "kind": "linux",
            "location": "uksouth",
            "maximum_elastic_worker_count": 1,
            "name": "city-explorer-webapp-sp",
            "os_type": "Linux",
            "per_site_scaling_enabled": false,
            "reserved": true,
            "resource_group_name": "city-explorer-rg",
            "sku_name": "B1",
            "tags": null,
            "timeouts": null,
            "worker_count": 1,
            "zone_balancing_enabled": false
          },
          "sensitive_attributes": [],
          "private": "eyJlMmJmYjczMC1lY2FhLTExZTYtOGY4OC0zNDM2M2JjN2M0YzAiOnsiY3JlYXRlIjozNjAwMDAwMDAwMDAwLCJkZWxldGUiOjM2MDAwMDAwMDAwMDAsInJlYWQiOjMwMDAwMDAwMDAwMCwidXBkYXRlIjozNjAwMDAwMDAwMDAwfX0=",
          "dependencies": [
            "azurerm_resource_group.city-explorer-arg"
          ]
        }
      ]
    }
  ],
  "check_results": null
}
